
Microsoft Visual Studio Solution File, Format Version 12.00
# Visual Studio Version 16
VisualStudioVersion = 16.0.29920.165
MinimumVisualStudioVersion = 10.0.40219.1
Project("{8BC9CEB8-8B4A-11D0-8D11-00A0C91BC942}") = "11주차 과제", "11주차 과제\11주차 과제.vcxproj", "{EDCEB382-A921-44B5-921F-62E9533B9F20}"
EndProject
Project("{8BC9CEB8-8B4A-11D0-8D11-00A0C91BC942}") = "Project2", "Project1\Project1.vcxproj", "{834F8B17-A530-40A8-B9BA-7C3B5D868550}"
EndProject
Project("{8BC9CEB8-8B4A-11D0-8D11-00A0C91BC942}") = "Project3", "Project3\Project3.vcxproj", "{EC1ADB7C-E01D-45A5-8301-80797CA38DF4}"
EndProject
Project("{8BC9CEB8-8B4A-11D0-8D11-00A0C91BC942}") = "Project4", "Project4\Project4.vcxproj", "{D08B0B6D-28E2-4958-B2C0-F2941E3D1BE7}"
EndProject
Project("{8BC9CEB8-8B4A-11D0-8D11-00A0C91BC942}") = "Project5", "Project5\Project5.vcxproj", "{2AF73C49-D143-4467-AD05-A4AE393F73C8}"
EndProject
Project("{8BC9CEB8-8B4A-11D0-8D11-00A0C91BC942}") = "Project6", "Project6\Project6.vcxproj", "{ADA2736B-A8CD-40FB-83C4-74F8E20C15E7}"
EndProject
Project("{8BC9CEB8-8B4A-11D0-8D11-00A0C91BC942}") = "Project7", "Project7\Project7.vcxproj", "{B0AD7DD5-D62A-4D28-B505-269619C39B28}"
EndProject
Project("{8BC9CEB8-8B4A-11D0-8D11-00A0C91BC942}") = "Project8", "Project8\Project8.vcxproj", "{F862FC05-5808-49CF-906D-BB1482B8E09D}"
EndProject
Project("{8BC9CEB8-8B4A-11D0-8D11-00A0C91BC942}") = "Project9", "Project9\Project9.vcxproj", "{A8D2067A-8986-48A3-849C-BF2C67B2D74B}"
EndProject
Project("{8BC9CEB8-8B4A-11D0-8D11-00A0C91BC942}") = "Project10", "Project10\Project10.vcxproj", "{B7640224-846F-46D8-8C03-A2FCFDB26934}"
EndProject
Project("{8BC9CEB8-8B4A-11D0-8D11-00A0C91BC942}") = "Project11", "Project11\Project11.vcxproj", "{3D9D9236-04F9-4188-B889-415BFCEC47A6}"
EndProject
Global
	GlobalSection(SolutionConfigurationPlatforms) = preSolution
		Debug|x64 = Debug|x64
		Debug|x86 = Debug|x86
		Release|x64 = Release|x64
		Release|x86 = Release|x86
	EndGlobalSection
	GlobalSection(ProjectConfigurationPlatforms) = postSolution
		{EDCEB382-A921-44B5-921F-62E9533B9F20}.Debug|x64.ActiveCfg = Debug|x64
		{EDCEB382-A921-44B5-921F-62E9533B9F20}.Debug|x64.Build.0 = Debug|x64
		{EDCEB382-A921-44B5-921F-62E9533B9F20}.Debug|x86.ActiveCfg = Debug|Win32
		{EDCEB382-A921-44B5-921F-62E9533B9F20}.Debug|x86.Build.0 = Debug|Win32
		{EDCEB382-A921-44B5-921F-62E9533B9F20}.Release|x64.ActiveCfg = Release|x64
		{EDCEB382-A921-44B5-921F-62E9533B9F20}.Release|x64.Build.0 = Release|x64
		{EDCEB382-A921-44B5-921F-62E9533B9F20}.Release|x86.ActiveCfg = Release|Win32
		{EDCEB382-A921-44B5-921F-62E9533B9F20}.Release|x86.Build.0 = Release|Win32
		{834F8B17-A530-40A8-B9BA-7C3B5D868550}.Debug|x64.ActiveCfg = Debug|x64
		{834F8B17-A530-40A8-B9BA-7C3B5D868550}.Debug|x64.Build.0 = Debug|x64
		{834F8B17-A530-40A8-B9BA-7C3B5D868550}.Debug|x86.ActiveCfg = Debug|Win32
		{834F8B17-A530-40A8-B9BA-7C3B5D868550}.Debug|x86.Build.0 = Debug|Win32
		{834F8B17-A530-40A8-B9BA-7C3B5D868550}.Release|x64.ActiveCfg = Release|x64
		{834F8B17-A530-40A8-B9BA-7C3B5D868550}.Release|x64.Build.0 = Release|x64
		{834F8B17-A530-40A8-B9BA-7C3B5D868550}.Release|x86.ActiveCfg = Release|Win32
		{834F8B17-A530-40A8-B9BA-7C3B5D868550}.Release|x86.Build.0 = Release|Win32
		{EC1ADB7C-E01D-45A5-8301-80797CA38DF4}.Debug|x64.ActiveCfg = Debug|x64
		{EC1ADB7C-E01D-45A5-8301-80797CA38DF4}.Debug|x64.Build.0 = Debug|x64
		{EC1ADB7C-E01D-45A5-8301-80797CA38DF4}.Debug|x86.ActiveCfg = Debug|Win32
		{EC1ADB7C-E01D-45A5-8301-80797CA38DF4}.Debug|x86.Build.0 = Debug|Win32
		{EC1ADB7C-E01D-45A5-8301-80797CA38DF4}.Release|x64.ActiveCfg = Release|x64
		{EC1ADB7C-E01D-45A5-8301-80797CA38DF4}.Release|x64.Build.0 = Release|x64
		{EC1ADB7C-E01D-45A5-8301-80797CA38DF4}.Release|x86.ActiveCfg = Release|Win32
		{EC1ADB7C-E01D-45A5-8301-80797CA38DF4}.Release|x86.Build.0 = Release|Win32
		{D08B0B6D-28E2-4958-B2C0-F2941E3D1BE7}.Debug|x64.ActiveCfg = Debug|x64
		{D08B0B6D-28E2-4958-B2C0-F2941E3D1BE7}.Debug|x64.Build.0 = Debug|x64
		{D08B0B6D-28E2-4958-B2C0-F2941E3D1BE7}.Debug|x86.ActiveCfg = Debug|Win32
		{D08B0B6D-28E2-4958-B2C0-F2941E3D1BE7}.Debug|x86.Build.0 = Debug|Win32
		{D08B0B6D-28E2-4958-B2C0-F2941E3D1BE7}.Release|x64.ActiveCfg = Release|x64
		{D08B0B6D-28E2-4958-B2C0-F2941E3D1BE7}.Release|x64.Build.0 = Release|x64
		{D08B0B6D-28E2-4958-B2C0-F2941E3D1BE7}.Release|x86.ActiveCfg = Release|Win32
		{D08B0B6D-28E2-4958-B2C0-F2941E3D1BE7}.Release|x86.Build.0 = Release|Win32
		{2AF73C49-D143-4467-AD05-A4AE393F73C8}.Debug|x64.ActiveCfg = Debug|x64
		{2AF73C49-D143-4467-AD05-A4AE393F73C8}.Debug|x64.Build.0 = Debug|x64
		{2AF73C49-D143-4467-AD05-A4AE393F73C8}.Debug|x86.ActiveCfg = Debug|Win32
		{2AF73C49-D143-4467-AD05-A4AE393F73C8}.Debug|x86.Build.0 = Debug|Win32
		{2AF73C49-D143-4467-AD05-A4AE393F73C8}.Release|x64.ActiveCfg = Release|x64
		{2AF73C49-D143-4467-AD05-A4AE393F73C8}.Release|x64.Build.0 = Release|x64
		{2AF73C49-D143-4467-AD05-A4AE393F73C8}.Release|x86.ActiveCfg = Release|Win32
		{2AF73C49-D143-4467-AD05-A4AE393F73C8}.Release|x86.Build.0 = Release|Win32
		{ADA2736B-A8CD-40FB-83C4-74F8E20C15E7}.Debug|x64.ActiveCfg = Debug|x64
		{ADA2736B-A8CD-40FB-83C4-74F8E20C15E7}.Debug|x64.Build.0 = Debug|x64
		{ADA2736B-A8CD-40FB-83C4-74F8E20C15E7}.Debug|x86.ActiveCfg = Debug|Win32
		{ADA2736B-A8CD-40FB-83C4-74F8E20C15E7}.Debug|x86.Build.0 = Debug|Win32
		{ADA2736B-A8CD-40FB-83C4-74F8E20C15E7}.Release|x64.ActiveCfg = Release|x64
		{ADA2736B-A8CD-40FB-83C4-74F8E20C15E7}.Release|x64.Build.0 = Release|x64
		{ADA2736B-A8CD-40FB-83C4-74F8E20C15E7}.Release|x86.ActiveCfg = Release|Win32
		{ADA2736B-A8CD-40FB-83C4-74F8E20C15E7}.Release|x86.Build.0 = Release|Win32
		{B0AD7DD5-D62A-4D28-B505-269619C39B28}.Debug|x64.ActiveCfg = Debug|x64
		{B0AD7DD5-D62A-4D28-B505-269619C39B28}.Debug|x64.Build.0 = Debug|x64
		{B0AD7DD5-D62A-4D28-B505-269619C39B28}.Debug|x86.ActiveCfg = Debug|Win32
		{B0AD7DD5-D62A-4D28-B505-269619C39B28}.Debug|x86.Build.0 = Debug|Win32
		{B0AD7DD5-D62A-4D28-B505-269619C39B28}.Release|x64.ActiveCfg = Release|x64
		{B0AD7DD5-D62A-4D28-B505-269619C39B28}.Release|x64.Build.0 = Release|x64
		{B0AD7DD5-D62A-4D28-B505-269619C39B28}.Release|x86.ActiveCfg = Release|Win32
		{B0AD7DD5-D62A-4D28-B505-269619C39B28}.Release|x86.Build.0 = Release|Win32
		{F862FC05-5808-49CF-906D-BB1482B8E09D}.Debug|x64.ActiveCfg = Debug|x64
		{F862FC05-5808-49CF-906D-BB1482B8E09D}.Debug|x64.Build.0 = Debug|x64
		{F862FC05-5808-49CF-906D-BB1482B8E09D}.Debug|x86.ActiveCfg = Debug|Win32
		{F862FC05-5808-49CF-906D-BB1482B8E09D}.Debug|x86.Build.0 = Debug|Win32
		{F862FC05-5808-49CF-906D-BB1482B8E09D}.Release|x64.ActiveCfg = Release|x64
		{F862FC05-5808-49CF-906D-BB1482B8E09D}.Release|x64.Build.0 = Release|x64
		{F862FC05-5808-49CF-906D-BB1482B8E09D}.Release|x86.ActiveCfg = Release|Win32
		{F862FC05-5808-49CF-906D-BB1482B8E09D}.Release|x86.Build.0 = Release|Win32
		{A8D2067A-8986-48A3-849C-BF2C67B2D74B}.Debug|x64.ActiveCfg = Debug|x64
		{A8D2067A-8986-48A3-849C-BF2C67B2D74B}.Debug|x64.Build.0 = Debug|x64
		{A8D2067A-8986-48A3-849C-BF2C67B2D74B}.Debug|x86.ActiveCfg = Debug|Win32
		{A8D2067A-8986-48A3-849C-BF2C67B2D74B}.Debug|x86.Build.0 = Debug|Win32
		{A8D2067A-8986-48A3-849C-BF2C67B2D74B}.Release|x64.ActiveCfg = Release|x64
		{A8D2067A-8986-48A3-849C-BF2C67B2D74B}.Release|x64.Build.0 = Release|x64
		{A8D2067A-8986-48A3-849C-BF2C67B2D74B}.Release|x86.ActiveCfg = Release|Win32
		{A8D2067A-8986-48A3-849C-BF2C67B2D74B}.Release|x86.Build.0 = Release|Win32
		{B7640224-846F-46D8-8C03-A2FCFDB26934}.Debug|x64.ActiveCfg = Debug|x64
		{B7640224-846F-46D8-8C03-A2FCFDB26934}.Debug|x64.Build.0 = Debug|x64
		{B7640224-846F-46D8-8C03-A2FCFDB26934}.Debug|x86.ActiveCfg = Debug|Win32
		{B7640224-846F-46D8-8C03-A2FCFDB26934}.Debug|x86.Build.0 = Debug|Win32
		{B7640224-846F-46D8-8C03-A2FCFDB26934}.Release|x64.ActiveCfg = Release|x64
		{B7640224-846F-46D8-8C03-A2FCFDB26934}.Release|x64.Build.0 = Release|x64
		{B7640224-846F-46D8-8C03-A2FCFDB26934}.Release|x86.ActiveCfg = Release|Win32
		{B7640224-846F-46D8-8C03-A2FCFDB26934}.Release|x86.Build.0 = Release|Win32
		{3D9D9236-04F9-4188-B889-415BFCEC47A6}.Debug|x64.ActiveCfg = Debug|x64
		{3D9D9236-04F9-4188-B889-415BFCEC47A6}.Debug|x64.Build.0 = Debug|x64
		{3D9D9236-04F9-4188-B889-415BFCEC47A6}.Debug|x86.ActiveCfg = Debug|Win32
		{3D9D9236-04F9-4188-B889-415BFCEC47A6}.Debug|x86.Build.0 = Debug|Win32
		{3D9D9236-04F9-4188-B889-415BFCEC47A6}.Release|x64.ActiveCfg = Release|x64
		{3D9D9236-04F9-4188-B889-415BFCEC47A6}.Release|x64.Build.0 = Release|x64
		{3D9D9236-04F9-4188-B889-415BFCEC47A6}.Release|x86.ActiveCfg = Release|Win32
		{3D9D9236-04F9-4188-B889-415BFCEC47A6}.Release|x86.Build.0 = Release|Win32
	EndGlobalSection
	GlobalSection(SolutionProperties) = preSolution
		HideSolutionNode = FALSE
	EndGlobalSection
	GlobalSection(ExtensibilityGlobals) = postSolution
		SolutionGuid = {336198D5-3F70-46FA-B949-00F7813D7E48}
	EndGlobalSection
EndGlobal
